
Microsoft Visual Studio Solution File, Format Version 12.00
# Visual Studio Version 16
VisualStudioVersion = 16.0.29411.108
MinimumVisualStudioVersion = 10.0.40219.1
Project("{FAE04EC0-301F-11D3-BF4B-00C04F79EFBC}") = "BIT.Sqlite.Test.UWP", "BIT.Sqlite.Test\BIT.Sqlite.Test.UWP\BIT.Sqlite.Test.UWP.csproj", "{9FFEC26B-4D3A-494A-B651-A0E0D910ED5E}"
EndProject
Project("{FAE04EC0-301F-11D3-BF4B-00C04F79EFBC}") = "BIT.Sqlite.Test.Android", "BIT.Sqlite.Test\BIT.Sqlite.Test.Android\BIT.Sqlite.Test.Android.csproj", "{69EA784D-1331-431D-ACB7-5EFBECBA4FF1}"
EndProject
Project("{FAE04EC0-301F-11D3-BF4B-00C04F79EFBC}") = "BIT.Sqlite.Test.iOS", "BIT.Sqlite.Test\BIT.Sqlite.Test.iOS\BIT.Sqlite.Test.iOS.csproj", "{9AAC3DAC-ACB8-49FD-BFDA-0F1B267C7D2D}"
EndProject
Project("{FAE04EC0-301F-11D3-BF4B-00C04F79EFBC}") = "BIT.Sqlite.Test", "BIT.Sqlite.Test\BIT.Sqlite.Test\BIT.Sqlite.Test.csproj", "{53F9246A-7D93-494B-8BE8-A3E734AC0991}"
EndProject
Project("{9A19103F-16F7-4668-BE54-9A1E7A4F7556}") = "BIT.Sqlite.MultiTarget", "BIT.SqliteMultiTarget\BIT.Sqlite.MultiTarget.csproj", "{ADCACAC5-A8B0-48B4-B054-3FBE4147317B}"
EndProject
Global
	GlobalSection(SolutionConfigurationPlatforms) = preSolution
		Debug|Any CPU = Debug|Any CPU
		Debug|ARM = Debug|ARM
		Debug|iPhone = Debug|iPhone
		Debug|iPhoneSimulator = Debug|iPhoneSimulator
		Debug|x64 = Debug|x64
		Debug|x86 = Debug|x86
		Release|Any CPU = Release|Any CPU
		Release|ARM = Release|ARM
		Release|iPhone = Release|iPhone
		Release|iPhoneSimulator = Release|iPhoneSimulator
		Release|x64 = Release|x64
		Release|x86 = Release|x86
	EndGlobalSection
	GlobalSection(ProjectConfigurationPlatforms) = postSolution
		{9FFEC26B-4D3A-494A-B651-A0E0D910ED5E}.Debug|Any CPU.ActiveCfg = Debug|x86
		{9FFEC26B-4D3A-494A-B651-A0E0D910ED5E}.Debug|Any CPU.Build.0 = Debug|x86
		{9FFEC26B-4D3A-494A-B651-A0E0D910ED5E}.Debug|Any CPU.Deploy.0 = Debug|x86
		{9FFEC26B-4D3A-494A-B651-A0E0D910ED5E}.Debug|ARM.ActiveCfg = Debug|ARM
		{9FFEC26B-4D3A-494A-B651-A0E0D910ED5E}.Debug|ARM.Build.0 = Debug|ARM
		{9FFEC26B-4D3A-494A-B651-A0E0D910ED5E}.Debug|ARM.Deploy.0 = Debug|ARM
		{9FFEC26B-4D3A-494A-B651-A0E0D910ED5E}.Debug|iPhone.ActiveCfg = Debug|x86
		{9FFEC26B-4D3A-494A-B651-A0E0D910ED5E}.Debug|iPhone.Build.0 = Debug|x86
		{9FFEC26B-4D3A-494A-B651-A0E0D910ED5E}.Debug|iPhone.Deploy.0 = Debug|x86
		{9FFEC26B-4D3A-494A-B651-A0E0D910ED5E}.Debug|iPhoneSimulator.ActiveCfg = Debug|x86
		{9FFEC26B-4D3A-494A-B651-A0E0D910ED5E}.Debug|iPhoneSimulator.Build.0 = Debug|x86
		{9FFEC26B-4D3A-494A-B651-A0E0D910ED5E}.Debug|iPhoneSimulator.Deploy.0 = Debug|x86
		{9FFEC26B-4D3A-494A-B651-A0E0D910ED5E}.Debug|x64.ActiveCfg = Debug|x64
		{9FFEC26B-4D3A-494A-B651-A0E0D910ED5E}.Debug|x64.Build.0 = Debug|x64
		{9FFEC26B-4D3A-494A-B651-A0E0D910ED5E}.Debug|x64.Deploy.0 = Debug|x64
		{9FFEC26B-4D3A-494A-B651-A0E0D910ED5E}.Debug|x86.ActiveCfg = Debug|x86
		{9FFEC26B-4D3A-494A-B651-A0E0D910ED5E}.Debug|x86.Build.0 = Debug|x86
		{9FFEC26B-4D3A-494A-B651-A0E0D910ED5E}.Debug|x86.Deploy.0 = Debug|x86
		{9FFEC26B-4D3A-494A-B651-A0E0D910ED5E}.Release|Any CPU.ActiveCfg = Release|x86
		{9FFEC26B-4D3A-494A-B651-A0E0D910ED5E}.Release|Any CPU.Build.0 = Release|x86
		{9FFEC26B-4D3A-494A-B651-A0E0D910ED5E}.Release|Any CPU.Deploy.0 = Release|x86
		{9FFEC26B-4D3A-494A-B651-A0E0D910ED5E}.Release|ARM.ActiveCfg = Release|ARM
		{9FFEC26B-4D3A-494A-B651-A0E0D910ED5E}.Release|ARM.Build.0 = Release|ARM
		{9FFEC26B-4D3A-494A-B651-A0E0D910ED5E}.Release|ARM.Deploy.0 = Release|ARM
		{9FFEC26B-4D3A-494A-B651-A0E0D910ED5E}.Release|iPhone.ActiveCfg = Release|x86
		{9FFEC26B-4D3A-494A-B651-A0E0D910ED5E}.Release|iPhone.Build.0 = Release|x86
		{9FFEC26B-4D3A-494A-B651-A0E0D910ED5E}.Release|iPhone.Deploy.0 = Release|x86
		{9FFEC26B-4D3A-494A-B651-A0E0D910ED5E}.Release|iPhoneSimulator.ActiveCfg = Release|x86
		{9FFEC26B-4D3A-494A-B651-A0E0D910ED5E}.Release|iPhoneSimulator.Build.0 = Release|x86
		{9FFEC26B-4D3A-494A-B651-A0E0D910ED5E}.Release|iPhoneSimulator.Deploy.0 = Release|x86
		{9FFEC26B-4D3A-494A-B651-A0E0D910ED5E}.Release|x64.ActiveCfg = Release|x64
		{9FFEC26B-4D3A-494A-B651-A0E0D910ED5E}.Release|x64.Build.0 = Release|x64
		{9FFEC26B-4D3A-494A-B651-A0E0D910ED5E}.Release|x64.Deploy.0 = Release|x64
		{9FFEC26B-4D3A-494A-B651-A0E0D910ED5E}.Release|x86.ActiveCfg = Release|x86
		{9FFEC26B-4D3A-494A-B651-A0E0D910ED5E}.Release|x86.Build.0 = Release|x86
		{9FFEC26B-4D3A-494A-B651-A0E0D910ED5E}.Release|x86.Deploy.0 = Release|x86
		{69EA784D-1331-431D-ACB7-5EFBECBA4FF1}.Debug|Any CPU.ActiveCfg = Debug|Any CPU
		{69EA784D-1331-431D-ACB7-5EFBECBA4FF1}.Debug|Any CPU.Build.0 = Debug|Any CPU
		{69EA784D-1331-431D-ACB7-5EFBECBA4FF1}.Debug|Any CPU.Deploy.0 = Debug|Any CPU
		{69EA784D-1331-431D-ACB7-5EFBECBA4FF1}.Debug|ARM.ActiveCfg = Debug|Any CPU
		{69EA784D-1331-431D-ACB7-5EFBECBA4FF1}.Debug|ARM.Build.0 = Debug|Any CPU
		{69EA784D-1331-431D-ACB7-5EFBECBA4FF1}.Debug|ARM.Deploy.0 = Debug|Any CPU
		{69EA784D-1331-431D-ACB7-5EFBECBA4FF1}.Debug|iPhone.ActiveCfg = Debug|Any CPU
		{69EA784D-1331-431D-ACB7-5EFBECBA4FF1}.Debug|iPhone.Build.0 = Debug|Any CPU
		{69EA784D-1331-431D-ACB7-5EFBECBA4FF1}.Debug|iPhone.Deploy.0 = Debug|Any CPU
		{69EA784D-1331-431D-ACB7-5EFBECBA4FF1}.Debug|iPhoneSimulator.ActiveCfg = Debug|Any CPU
		{69EA784D-1331-431D-ACB7-5EFBECBA4FF1}.Debug|iPhoneSimulator.Build.0 = Debug|Any CPU
		{69EA784D-1331-431D-ACB7-5EFBECBA4FF1}.Debug|iPhoneSimulator.Deploy.0 = Debug|Any CPU
		{69EA784D-1331-431D-ACB7-5EFBECBA4FF1}.Debug|x64.ActiveCfg = Debug|Any CPU
		{69EA784D-1331-431D-ACB7-5EFBECBA4FF1}.Debug|x64.Build.0 = Debug|Any CPU
		{69EA784D-1331-431D-ACB7-5EFBECBA4FF1}.Debug|x64.Deploy.0 = Debug|Any CPU
		{69EA784D-1331-431D-ACB7-5EFBECBA4FF1}.Debug|x86.ActiveCfg = Debug|Any CPU
		{69EA784D-1331-431D-ACB7-5EFBECBA4FF1}.Debug|x86.Build.0 = Debug|Any CPU
		{69EA784D-1331-431D-ACB7-5EFBECBA4FF1}.Debug|x86.Deploy.0 = Debug|Any CPU
		{69EA784D-1331-431D-ACB7-5EFBECBA4FF1}.Release|Any CPU.ActiveCfg = Release|Any CPU
		{69EA784D-1331-431D-ACB7-5EFBECBA4FF1}.Release|Any CPU.Build.0 = Release|Any CPU
		{69EA784D-1331-431D-ACB7-5EFBECBA4FF1}.Release|Any CPU.Deploy.0 = Release|Any CPU
		{69EA784D-1331-431D-ACB7-5EFBECBA4FF1}.Release|ARM.ActiveCfg = Release|Any CPU
		{69EA784D-1331-431D-ACB7-5EFBECBA4FF1}.Release|ARM.Build.0 = Release|Any CPU
		{69EA784D-1331-431D-ACB7-5EFBECBA4FF1}.Release|ARM.Deploy.0 = Release|Any CPU
		{69EA784D-1331-431D-ACB7-5EFBECBA4FF1}.Release|iPhone.ActiveCfg = Release|Any CPU
		{69EA784D-1331-431D-ACB7-5EFBECBA4FF1}.Release|iPhone.Build.0 = Release|Any CPU
		{69EA784D-1331-431D-ACB7-5EFBECBA4FF1}.Release|iPhone.Deploy.0 = Release|Any CPU
		{69EA784D-1331-431D-ACB7-5EFBECBA4FF1}.Release|iPhoneSimulator.ActiveCfg = Release|Any CPU
		{69EA784D-1331-431D-ACB7-5EFBECBA4FF1}.Release|iPhoneSimulator.Build.0 = Release|Any CPU
		{69EA784D-1331-431D-ACB7-5EFBECBA4FF1}.Release|iPhoneSimulator.Deploy.0 = Release|Any CPU
		{69EA784D-1331-431D-ACB7-5EFBECBA4FF1}.Release|x64.ActiveCfg = Release|Any CPU
		{69EA784D-1331-431D-ACB7-5EFBECBA4FF1}.Release|x64.Build.0 = Release|Any CPU
		{69EA784D-1331-431D-ACB7-5EFBECBA4FF1}.Release|x64.Deploy.0 = Release|Any CPU
		{69EA784D-1331-431D-ACB7-5EFBECBA4FF1}.Release|x86.ActiveCfg = Release|Any CPU
		{69EA784D-1331-431D-ACB7-5EFBECBA4FF1}.Release|x86.Build.0 = Release|Any CPU
		{69EA784D-1331-431D-ACB7-5EFBECBA4FF1}.Release|x86.Deploy.0 = Release|Any CPU
		{9AAC3DAC-ACB8-49FD-BFDA-0F1B267C7D2D}.Debug|Any CPU.ActiveCfg = Debug|iPhone
		{9AAC3DAC-ACB8-49FD-BFDA-0F1B267C7D2D}.Debug|Any CPU.Build.0 = Debug|iPhone
		{9AAC3DAC-ACB8-49FD-BFDA-0F1B267C7D2D}.Debug|Any CPU.Deploy.0 = Debug|iPhone
		{9AAC3DAC-ACB8-49FD-BFDA-0F1B267C7D2D}.Debug|ARM.ActiveCfg = Debug|iPhoneSimulator
		{9AAC3DAC-ACB8-49FD-BFDA-0F1B267C7D2D}.Debug|ARM.Build.0 = Debug|iPhoneSimulator
		{9AAC3DAC-ACB8-49FD-BFDA-0F1B267C7D2D}.Debug|ARM.Deploy.0 = Debug|iPhoneSimulator
		{9AAC3DAC-ACB8-49FD-BFDA-0F1B267C7D2D}.Debug|iPhone.ActiveCfg = Debug|iPhone
		{9AAC3DAC-ACB8-49FD-BFDA-0F1B267C7D2D}.Debug|iPhone.Build.0 = Debug|iPhone
		{9AAC3DAC-ACB8-49FD-BFDA-0F1B267C7D2D}.Debug|iPhone.Deploy.0 = Debug|iPhone
		{9AAC3DAC-ACB8-49FD-BFDA-0F1B267C7D2D}.Debug|iPhoneSimulator.ActiveCfg = Debug|iPhoneSimulator
		{9AAC3DAC-ACB8-49FD-BFDA-0F1B267C7D2D}.Debug|iPhoneSimulator.Build.0 = Debug|iPhoneSimulator
		{9AAC3DAC-ACB8-49FD-BFDA-0F1B267C7D2D}.Debug|iPhoneSimulator.Deploy.0 = Debug|iPhoneSimulator
		{9AAC3DAC-ACB8-49FD-BFDA-0F1B267C7D2D}.Debug|x64.ActiveCfg = Debug|iPhone
		{9AAC3DAC-ACB8-49FD-BFDA-0F1B267C7D2D}.Debug|x64.Build.0 = Debug|iPhone
		{9AAC3DAC-ACB8-49FD-BFDA-0F1B267C7D2D}.Debug|x64.Deploy.0 = Debug|iPhone
		{9AAC3DAC-ACB8-49FD-BFDA-0F1B267C7D2D}.Debug|x86.ActiveCfg = Debug|iPhone
		{9AAC3DAC-ACB8-49FD-BFDA-0F1B267C7D2D}.Debug|x86.Build.0 = Debug|iPhone
		{9AAC3DAC-ACB8-49FD-BFDA-0F1B267C7D2D}.Debug|x86.Deploy.0 = Debug|iPhone
		{9AAC3DAC-ACB8-49FD-BFDA-0F1B267C7D2D}.Release|Any CPU.ActiveCfg = Release|iPhone
		{9AAC3DAC-ACB8-49FD-BFDA-0F1B267C7D2D}.Release|Any CPU.Build.0 = Release|iPhone
		{9AAC3DAC-ACB8-49FD-BFDA-0F1B267C7D2D}.Release|Any CPU.Deploy.0 = Release|iPhone
		{9AAC3DAC-ACB8-49FD-BFDA-0F1B267C7D2D}.Release|ARM.ActiveCfg = Release|iPhone
		{9AAC3DAC-ACB8-49FD-BFDA-0F1B267C7D2D}.Release|ARM.Build.0 = Release|iPhone
		{9AAC3DAC-ACB8-49FD-BFDA-0F1B267C7D2D}.Release|ARM.Deploy.0 = Release|iPhone
		{9AAC3DAC-ACB8-49FD-BFDA-0F1B267C7D2D}.Release|iPhone.ActiveCfg = Release|iPhone
		{9AAC3DAC-ACB8-49FD-BFDA-0F1B267C7D2D}.Release|iPhone.Build.0 = Release|iPhone
		{9AAC3DAC-ACB8-49FD-BFDA-0F1B267C7D2D}.Release|iPhone.Deploy.0 = Release|iPhone
		{9AAC3DAC-ACB8-49FD-BFDA-0F1B267C7D2D}.Release|iPhoneSimulator.ActiveCfg = Release|iPhoneSimulator
		{9AAC3DAC-ACB8-49FD-BFDA-0F1B267C7D2D}.Release|iPhoneSimulator.Build.0 = Release|iPhoneSimulator
		{9AAC3DAC-ACB8-49FD-BFDA-0F1B267C7D2D}.Release|iPhoneSimulator.Deploy.0 = Release|iPhoneSimulator
		{9AAC3DAC-ACB8-49FD-BFDA-0F1B267C7D2D}.Release|x64.ActiveCfg = Release|iPhone
		{9AAC3DAC-ACB8-49FD-BFDA-0F1B267C7D2D}.Release|x64.Build.0 = Release|iPhone
		{9AAC3DAC-ACB8-49FD-BFDA-0F1B267C7D2D}.Release|x64.Deploy.0 = Release|iPhone
		{9AAC3DAC-ACB8-49FD-BFDA-0F1B267C7D2D}.Release|x86.ActiveCfg = Release|iPhone
		{9AAC3DAC-ACB8-49FD-BFDA-0F1B267C7D2D}.Release|x86.Build.0 = Release|iPhone
		{9AAC3DAC-ACB8-49FD-BFDA-0F1B267C7D2D}.Release|x86.Deploy.0 = Release|iPhone
		{53F9246A-7D93-494B-8BE8-A3E734AC0991}.Debug|Any CPU.ActiveCfg = Debug|Any CPU
		{53F9246A-7D93-494B-8BE8-A3E734AC0991}.Debug|Any CPU.Build.0 = Debug|Any CPU
		{53F9246A-7D93-494B-8BE8-A3E734AC0991}.Debug|Any CPU.Deploy.0 = Debug|Any CPU
		{53F9246A-7D93-494B-8BE8-A3E734AC0991}.Debug|ARM.ActiveCfg = Debug|Any CPU
		{53F9246A-7D93-494B-8BE8-A3E734AC0991}.Debug|ARM.Build.0 = Debug|Any CPU
		{53F9246A-7D93-494B-8BE8-A3E734AC0991}.Debug|ARM.Deploy.0 = Debug|Any CPU
		{53F9246A-7D93-494B-8BE8-A3E734AC0991}.Debug|iPhone.ActiveCfg = Debug|Any CPU
		{53F9246A-7D93-494B-8BE8-A3E734AC0991}.Debug|iPhone.Build.0 = Debug|Any CPU
		{53F9246A-7D93-494B-8BE8-A3E734AC0991}.Debug|iPhone.Deploy.0 = Debug|Any CPU
		{53F9246A-7D93-494B-8BE8-A3E734AC0991}.Debug|iPhoneSimulator.ActiveCfg = Debug|Any CPU
		{53F9246A-7D93-494B-8BE8-A3E734AC0991}.Debug|iPhoneSimulator.Build.0 = Debug|Any CPU
		{53F9246A-7D93-494B-8BE8-A3E734AC0991}.Debug|iPhoneSimulator.Deploy.0 = Debug|Any CPU
		{53F9246A-7D93-494B-8BE8-A3E734AC0991}.Debug|x64.ActiveCfg = Debug|Any CPU
		{53F9246A-7D93-494B-8BE8-A3E734AC0991}.Debug|x64.Build.0 = Debug|Any CPU
		{53F9246A-7D93-494B-8BE8-A3E734AC0991}.Debug|x64.Deploy.0 = Debug|Any CPU
		{53F9246A-7D93-494B-8BE8-A3E734AC0991}.Debug|x86.ActiveCfg = Debug|Any CPU
		{53F9246A-7D93-494B-8BE8-A3E734AC0991}.Debug|x86.Build.0 = Debug|Any CPU
		{53F9246A-7D93-494B-8BE8-A3E734AC0991}.Debug|x86.Deploy.0 = Debug|Any CPU
		{53F9246A-7D93-494B-8BE8-A3E734AC0991}.Release|Any CPU.ActiveCfg = Release|Any CPU
		{53F9246A-7D93-494B-8BE8-A3E734AC0991}.Release|Any CPU.Build.0 = Release|Any CPU
		{53F9246A-7D93-494B-8BE8-A3E734AC0991}.Release|Any CPU.Deploy.0 = Release|Any CPU
		{53F9246A-7D93-494B-8BE8-A3E734AC0991}.Release|ARM.ActiveCfg = Release|Any CPU
		{53F9246A-7D93-494B-8BE8-A3E734AC0991}.Release|ARM.Build.0 = Release|Any CPU
		{53F9246A-7D93-494B-8BE8-A3E734AC0991}.Release|ARM.Deploy.0 = Release|Any CPU
		{53F9246A-7D93-494B-8BE8-A3E734AC0991}.Release|iPhone.ActiveCfg = Release|Any CPU
		{53F9246A-7D93-494B-8BE8-A3E734AC0991}.Release|iPhone.Build.0 = Release|Any CPU
		{53F9246A-7D93-494B-8BE8-A3E734AC0991}.Release|iPhone.Deploy.0 = Release|Any CPU
		{53F9246A-7D93-494B-8BE8-A3E734AC0991}.Release|iPhoneSimulator.ActiveCfg = Release|Any CPU
		{53F9246A-7D93-494B-8BE8-A3E734AC0991}.Release|iPhoneSimulator.Build.0 = Release|Any CPU
		{53F9246A-7D93-494B-8BE8-A3E734AC0991}.Release|iPhoneSimulator.Deploy.0 = Release|Any CPU
		{53F9246A-7D93-494B-8BE8-A3E734AC0991}.Release|x64.ActiveCfg = Release|Any CPU
		{53F9246A-7D93-494B-8BE8-A3E734AC0991}.Release|x64.Build.0 = Release|Any CPU
		{53F9246A-7D93-494B-8BE8-A3E734AC0991}.Release|x64.Deploy.0 = Release|Any CPU
		{53F9246A-7D93-494B-8BE8-A3E734AC0991}.Release|x86.ActiveCfg = Release|Any CPU
		{53F9246A-7D93-494B-8BE8-A3E734AC0991}.Release|x86.Build.0 = Release|Any CPU
		{53F9246A-7D93-494B-8BE8-A3E734AC0991}.Release|x86.Deploy.0 = Release|Any CPU
		{ADCACAC5-A8B0-48B4-B054-3FBE4147317B}.Debug|Any CPU.ActiveCfg = Debug|Any CPU
		{ADCACAC5-A8B0-48B4-B054-3FBE4147317B}.Debug|Any CPU.Build.0 = Debug|Any CPU
		{ADCACAC5-A8B0-48B4-B054-3FBE4147317B}.Debug|ARM.ActiveCfg = Debug|Any CPU
		{ADCACAC5-A8B0-48B4-B054-3FBE4147317B}.Debug|ARM.Build.0 = Debug|Any CPU
		{ADCACAC5-A8B0-48B4-B054-3FBE4147317B}.Debug|iPhone.ActiveCfg = Debug|Any CPU
		{ADCACAC5-A8B0-48B4-B054-3FBE4147317B}.Debug|iPhone.Build.0 = Debug|Any CPU
		{ADCACAC5-A8B0-48B4-B054-3FBE4147317B}.Debug|iPhoneSimulator.ActiveCfg = Debug|Any CPU
		{ADCACAC5-A8B0-48B4-B054-3FBE4147317B}.Debug|iPhoneSimulator.Build.0 = Debug|Any CPU
		{ADCACAC5-A8B0-48B4-B054-3FBE4147317B}.Debug|x64.ActiveCfg = Debug|Any CPU
		{ADCACAC5-A8B0-48B4-B054-3FBE4147317B}.Debug|x64.Build.0 = Debug|Any CPU
		{ADCACAC5-A8B0-48B4-B054-3FBE4147317B}.Debug|x86.ActiveCfg = Debug|Any CPU
		{ADCACAC5-A8B0-48B4-B054-3FBE4147317B}.Debug|x86.Build.0 = Debug|Any CPU
		{ADCACAC5-A8B0-48B4-B054-3FBE4147317B}.Release|Any CPU.ActiveCfg = Release|Any CPU
		{ADCACAC5-A8B0-48B4-B054-3FBE4147317B}.Release|Any CPU.Build.0 = Release|Any CPU
		{ADCACAC5-A8B0-48B4-B054-3FBE4147317B}.Release|ARM.ActiveCfg = Release|Any CPU
		{ADCACAC5-A8B0-48B4-B054-3FBE4147317B}.Release|ARM.Build.0 = Release|Any CPU
		{ADCACAC5-A8B0-48B4-B054-3FBE4147317B}.Release|iPhone.ActiveCfg = Release|Any CPU
		{ADCACAC5-A8B0-48B4-B054-3FBE4147317B}.Release|iPhone.Build.0 = Release|Any CPU
		{ADCACAC5-A8B0-48B4-B054-3FBE4147317B}.Release|iPhoneSimulator.ActiveCfg = Release|Any CPU
		{ADCACAC5-A8B0-48B4-B054-3FBE4147317B}.Release|iPhoneSimulator.Build.0 = Release|Any CPU
		{ADCACAC5-A8B0-48B4-B054-3FBE4147317B}.Release|x64.ActiveCfg = Release|Any CPU
		{ADCACAC5-A8B0-48B4-B054-3FBE4147317B}.Release|x64.Build.0 = Release|Any CPU
		{ADCACAC5-A8B0-48B4-B054-3FBE4147317B}.Release|x86.ActiveCfg = Release|Any CPU
		{ADCACAC5-A8B0-48B4-B054-3FBE4147317B}.Release|x86.Build.0 = Release|Any CPU
	EndGlobalSection
	GlobalSection(SolutionProperties) = preSolution
		HideSolutionNode = FALSE
	EndGlobalSection
	GlobalSection(ExtensibilityGlobals) = postSolution
		SolutionGuid = {AACD47A8-D302-45C7-8E96-ECE601B4B939}
	EndGlobalSection
EndGlobal
